
Microsoft Visual Studio Solution File, Format Version 12.00
# Visual Studio 15
VisualStudioVersion = 15.0.27004.2002
MinimumVisualStudioVersion = 10.0.40219.1
Project("{FAE04EC0-301F-11D3-BF4B-00C04F79EFBC}") = "Animacja", "Animacja\Animacja.csproj", "{9FB3CC9F-A1F8-4B15-BF24-E20E60804DD1}"
EndProject
Global
	GlobalSection(SolutionConfigurationPlatforms) = preSolution
		Debug|Any CPU = Debug|Any CPU
		Release|Any CPU = Release|Any CPU
	EndGlobalSection
	GlobalSection(ProjectConfigurationPlatforms) = postSolution
		{9FB3CC9F-A1F8-4B15-BF24-E20E60804DD1}.Debug|Any CPU.ActiveCfg = Debug|Any CPU
		{9FB3CC9F-A1F8-4B15-BF24-E20E60804DD1}.Debug|Any CPU.Build.0 = Debug|Any CPU
		{9FB3CC9F-A1F8-4B15-BF24-E20E60804DD1}.Release|Any CPU.ActiveCfg = Release|Any CPU
		{9FB3CC9F-A1F8-4B15-BF24-E20E60804DD1}.Release|Any CPU.Build.0 = Release|Any CPU
	EndGlobalSection
	GlobalSection(SolutionProperties) = preSolution
		HideSolutionNode = FALSE
	EndGlobalSection
	GlobalSection(ExtensibilityGlobals) = postSolution
		SolutionGuid = {BB92EF32-045C-4A2C-8B8F-5718A6FE6964}
	EndGlobalSection
EndGlobal
